
Microsoft Visual Studio Solution File, Format Version 12.00
# Visual Studio Version 17
VisualStudioVersion = 17.8.34322.80
MinimumVisualStudioVersion = 10.0.40219.1
Project("{9A19103F-16F7-4668-BE54-9A1E7A4F7556}") = "SIS", "SIS\SIS.csproj", "{0163BBA4-27DC-4D26-BAB7-4B553EAA557C}"
EndProject
Global
	GlobalSection(SolutionConfigurationPlatforms) = preSolution
		Debug|Any CPU = Debug|Any CPU
		Release|Any CPU = Release|Any CPU
	EndGlobalSection
	GlobalSection(ProjectConfigurationPlatforms) = postSolution
		{0163BBA4-27DC-4D26-BAB7-4B553EAA557C}.Debug|Any CPU.ActiveCfg = Debug|Any CPU
		{0163BBA4-27DC-4D26-BAB7-4B553EAA557C}.Debug|Any CPU.Build.0 = Debug|Any CPU
		{0163BBA4-27DC-4D26-BAB7-4B553EAA557C}.Release|Any CPU.ActiveCfg = Release|Any CPU
		{0163BBA4-27DC-4D26-BAB7-4B553EAA557C}.Release|Any CPU.Build.0 = Release|Any CPU
	EndGlobalSection
	GlobalSection(SolutionProperties) = preSolution
		HideSolutionNode = FALSE
	EndGlobalSection
	GlobalSection(ExtensibilityGlobals) = postSolution
		SolutionGuid = {6F653E15-CF9A-4933-A1EB-2FB4D30F576F}
	EndGlobalSection
EndGlobal
